
Microsoft Visual Studio Solution File, Format Version 12.00
Project("{FAE04EC0-301F-11D3-BF4B-00C04F79EFBC}") = "InstallerDeployment", "InstallerDeployment\InstallerDeployment.csproj", "{FA5D6119-97A4-46C6-8ACC-4607E61A8431}"
EndProject
Project("{FAE04EC0-301F-11D3-BF4B-00C04F79EFBC}") = "InstallerDeployment.Sample", "InstallerDeployment.Sample\InstallerDeployment.Sample.csproj", "{77B95DFC-8550-4C4F-BC6F-CE2B3A272903}"
EndProject
Global
	GlobalSection(SolutionConfigurationPlatforms) = preSolution
		Debug|Any CPU = Debug|Any CPU
		Release|Any CPU = Release|Any CPU
	EndGlobalSection
	GlobalSection(ProjectConfigurationPlatforms) = postSolution
		{FA5D6119-97A4-46C6-8ACC-4607E61A8431}.Debug|Any CPU.ActiveCfg = Debug|Any CPU
		{FA5D6119-97A4-46C6-8ACC-4607E61A8431}.Debug|Any CPU.Build.0 = Debug|Any CPU
		{FA5D6119-97A4-46C6-8ACC-4607E61A8431}.Release|Any CPU.ActiveCfg = Release|Any CPU
		{FA5D6119-97A4-46C6-8ACC-4607E61A8431}.Release|Any CPU.Build.0 = Release|Any CPU
		{77B95DFC-8550-4C4F-BC6F-CE2B3A272903}.Debug|Any CPU.ActiveCfg = Debug|Any CPU
		{77B95DFC-8550-4C4F-BC6F-CE2B3A272903}.Debug|Any CPU.Build.0 = Debug|Any CPU
		{77B95DFC-8550-4C4F-BC6F-CE2B3A272903}.Release|Any CPU.ActiveCfg = Release|Any CPU
		{77B95DFC-8550-4C4F-BC6F-CE2B3A272903}.Release|Any CPU.Build.0 = Release|Any CPU
	EndGlobalSection
EndGlobal
